
Microsoft Visual Studio Solution File, Format Version 12.00
# Visual Studio Version 17
VisualStudioVersion = 17.10.34916.146
MinimumVisualStudioVersion = 10.0.40219.1
Project("{FAE04EC0-301F-11D3-BF4B-00C04F79EFBC}") = "WpfApp1", "WpfApp1.csproj", "{4BFC72C9-C1B7-448F-8B2D-2DDE92B1FFFD}"
EndProject
Global
	GlobalSection(SolutionConfigurationPlatforms) = preSolution
		Debug|Any CPU = Debug|Any CPU
		Release|Any CPU = Release|Any CPU
	EndGlobalSection
	GlobalSection(ProjectConfigurationPlatforms) = postSolution
		{4BFC72C9-C1B7-448F-8B2D-2DDE92B1FFFD}.Debug|Any CPU.ActiveCfg = Debug|Any CPU
		{4BFC72C9-C1B7-448F-8B2D-2DDE92B1FFFD}.Debug|Any CPU.Build.0 = Debug|Any CPU
		{4BFC72C9-C1B7-448F-8B2D-2DDE92B1FFFD}.Release|Any CPU.ActiveCfg = Release|Any CPU
		{4BFC72C9-C1B7-448F-8B2D-2DDE92B1FFFD}.Release|Any CPU.Build.0 = Release|Any CPU
	EndGlobalSection
	GlobalSection(SolutionProperties) = preSolution
		HideSolutionNode = FALSE
	EndGlobalSection
	GlobalSection(ExtensibilityGlobals) = postSolution
		SolutionGuid = {74F55A31-080B-4ED1-9371-930C03C80989}
	EndGlobalSection
EndGlobal
